
Microsoft Visual Studio Solution File, Format Version 12.00
# Visual Studio Version 16
VisualStudioVersion = 16.0.32106.194
MinimumVisualStudioVersion = 10.0.40219.1
Project("{FAE04EC0-301F-11D3-BF4B-00C04F79EFBC}") = "Lab_20", "Lab_20\Lab_20.csproj", "{B3CA2109-A27D-416C-8B28-76952DD0743D}"
EndProject
Global
	GlobalSection(SolutionConfigurationPlatforms) = preSolution
		Debug|Any CPU = Debug|Any CPU
		Release|Any CPU = Release|Any CPU
	EndGlobalSection
	GlobalSection(ProjectConfigurationPlatforms) = postSolution
		{B3CA2109-A27D-416C-8B28-76952DD0743D}.Debug|Any CPU.ActiveCfg = Debug|Any CPU
		{B3CA2109-A27D-416C-8B28-76952DD0743D}.Debug|Any CPU.Build.0 = Debug|Any CPU
		{B3CA2109-A27D-416C-8B28-76952DD0743D}.Release|Any CPU.ActiveCfg = Release|Any CPU
		{B3CA2109-A27D-416C-8B28-76952DD0743D}.Release|Any CPU.Build.0 = Release|Any CPU
	EndGlobalSection
	GlobalSection(SolutionProperties) = preSolution
		HideSolutionNode = FALSE
	EndGlobalSection
	GlobalSection(ExtensibilityGlobals) = postSolution
		SolutionGuid = {727C3FD8-C7BA-4262-A79E-AEE9FFC8D77B}
	EndGlobalSection
EndGlobal
